// !$*UTF8*$!
{
	archiveVersion = 1;
	classes = {
	};
	objectVersion = 56;
	objects = {

/* Begin PBXBuildFile section */
		7918209A2B31F109007EEC24 /* LogHelper.swift in Sources */ = {isa = PBXBuildFile; fileRef = 791820992B31F109007EEC24 /* LogHelper.swift */; };
		792845532B2C67910021E1FD /* FileCleaner.swift in Sources */ = {isa = PBXBuildFile; fileRef = 792845522B2C67910021E1FD /* FileCleaner.swift */; };
		7928455A2B2C80A40021E1FD /* DaemonDisabler.swift in Sources */ = {isa = PBXBuildFile; fileRef = 792845592B2C80A40021E1FD /* DaemonDisabler.swift */; };
		795019B92B2B5055008EEC91 /* main.m in Sources */ = {isa = PBXBuildFile; fileRef = 795019B82B2B5055008EEC91 /* main.m */; };
		7989FD032B347EEA00FBAB8D /* LocSimView.swift in Sources */ = {isa = PBXBuildFile; fileRef = 7989FD022B347EEA00FBAB8D /* LocSimView.swift */; };
		7989FD062B3486B100FBAB8D /* CustomMapView.swift in Sources */ = {isa = PBXBuildFile; fileRef = 7989FD052B3486B100FBAB8D /* CustomMapView.swift */; };
		7989FD082B34894400FBAB8D /* BookMarkSlider.swift in Sources */ = {isa = PBXBuildFile; fileRef = 7989FD072B34894400FBAB8D /* BookMarkSlider.swift */; };
		7989FD0A2B348A0200FBAB8D /* BookMarkHelper.swift in Sources */ = {isa = PBXBuildFile; fileRef = 7989FD092B348A0200FBAB8D /* BookMarkHelper.swift */; };
		799488A62B347E2C00AFFDCF /* LocSimManager.swift in Sources */ = {isa = PBXBuildFile; fileRef = 799488A52B347E2C00AFFDCF /* LocSimManager.swift */; };
		799615442B34A1930053558E /* DaemonWelcomeView.swift in Sources */ = {isa = PBXBuildFile; fileRef = 799615432B34A1930053558E /* DaemonWelcomeView.swift */; };
		79AEFBBD2B2CBC6B0074EC34 /* ProgressBar.swift in Sources */ = {isa = PBXBuildFile; fileRef = 79AEFBBC2B2CBC6B0074EC34 /* ProgressBar.swift */; };
		79BA958A2B30D91600380D83 /* RootHelperMan.swift in Sources */ = {isa = PBXBuildFile; fileRef = 79BA95892B30D91600380D83 /* RootHelperMan.swift */; };
		79D359942B2C9D91004C0FCF /* LSApplicationProxy+AltList.m in Sources */ = {isa = PBXBuildFile; fileRef = 79D359932B2C9D91004C0FCF /* LSApplicationProxy+AltList.m */; };
		79DF26992B31C90C005D81D2 /* WelcomeView.swift in Sources */ = {isa = PBXBuildFile; fileRef = 79DF26982B31C90C005D81D2 /* WelcomeView.swift */; };
		FAA456D52B265FEA00FC7287 /* GeraniumApp.swift in Sources */ = {isa = PBXBuildFile; fileRef = FAA456D42B265FEA00FC7287 /* GeraniumApp.swift */; };
		FAA456D72B265FEA00FC7287 /* ContentView.swift in Sources */ = {isa = PBXBuildFile; fileRef = FAA456D62B265FEA00FC7287 /* ContentView.swift */; };
		FAA456D92B265FEC00FC7287 /* Assets.xcassets in Resources */ = {isa = PBXBuildFile; fileRef = FAA456D82B265FEC00FC7287 /* Assets.xcassets */; };
		FAA456DC2B265FEC00FC7287 /* Preview Assets.xcassets in Resources */ = {isa = PBXBuildFile; fileRef = FAA456DB2B265FEC00FC7287 /* Preview Assets.xcassets */; };
		FAA456E62B265FED00FC7287 /* GeraniumTests.swift in Sources */ = {isa = PBXBuildFile; fileRef = FAA456E52B265FED00FC7287 /* GeraniumTests.swift */; };
		FAA456F02B265FED00FC7287 /* GeraniumUITests.swift in Sources */ = {isa = PBXBuildFile; fileRef = FAA456EF2B265FED00FC7287 /* GeraniumUITests.swift */; };
		FAA456F22B265FED00FC7287 /* GeraniumUITestsLaunchTests.swift in Sources */ = {isa = PBXBuildFile; fileRef = FAA456F12B265FED00FC7287 /* GeraniumUITestsLaunchTests.swift */; };
		FAA457122B2661E300FC7287 /* TSUtil.m in Sources */ = {isa = PBXBuildFile; fileRef = FAA457102B2661E300FC7287 /* TSUtil.m */; };
		FAA457232B26654700FC7287 /* Addon.swift in Sources */ = {isa = PBXBuildFile; fileRef = FAA457222B26654700FC7287 /* Addon.swift */; };
		FAA457272B26667E00FC7287 /* HomeView.swift in Sources */ = {isa = PBXBuildFile; fileRef = FAA457262B26667E00FC7287 /* HomeView.swift */; };
		FAA457292B26668900FC7287 /* DaemonView.swift in Sources */ = {isa = PBXBuildFile; fileRef = FAA457282B26668900FC7287 /* DaemonView.swift */; };
		FAA457302B2666F300FC7287 /* CleanerView.swift in Sources */ = {isa = PBXBuildFile; fileRef = FAA4572F2B2666F300FC7287 /* CleanerView.swift */; };
		FAA457322B2667CB00FC7287 /* SuperviseView.swift in Sources */ = {isa = PBXBuildFile; fileRef = FAA457312B2667CB00FC7287 /* SuperviseView.swift */; };
/* End PBXBuildFile section */

/* Begin PBXContainerItemProxy section */
		FAA456E22B265FED00FC7287 /* PBXContainerItemProxy */ = {
			isa = PBXContainerItemProxy;
			containerPortal = FAA456C92B265FEA00FC7287 /* Project object */;
			proxyType = 1;
			remoteGlobalIDString = FAA456D02B265FEA00FC7287;
			remoteInfo = Geranium;
		};
		FAA456EC2B265FED00FC7287 /* PBXContainerItemProxy */ = {
			isa = PBXContainerItemProxy;
			containerPortal = FAA456C92B265FEA00FC7287 /* Project object */;
			proxyType = 1;
			remoteGlobalIDString = FAA456D02B265FEA00FC7287;
			remoteInfo = Geranium;
		};
/* End PBXContainerItemProxy section */

/* Begin PBXFileReference section */
		791820992B31F109007EEC24 /* LogHelper.swift */ = {isa = PBXFileReference; lastKnownFileType = sourcecode.swift; path = LogHelper.swift; sourceTree = "<group>"; };
		792845522B2C67910021E1FD /* FileCleaner.swift */ = {isa = PBXFileReference; lastKnownFileType = sourcecode.swift; path = FileCleaner.swift; sourceTree = "<group>"; };
		792845592B2C80A40021E1FD /* DaemonDisabler.swift */ = {isa = PBXFileReference; lastKnownFileType = sourcecode.swift; path = DaemonDisabler.swift; sourceTree = "<group>"; };
		792845752B2C9CAE0021E1FD /* CoreServices.h */ = {isa = PBXFileReference; lastKnownFileType = sourcecode.c.h; path = CoreServices.h; sourceTree = "<group>"; };
		795019B82B2B5055008EEC91 /* main.m */ = {isa = PBXFileReference; lastKnownFileType = sourcecode.c.objc; path = main.m; sourceTree = "<group>"; };
		795019BA2B2B54A6008EEC91 /* delecture.h */ = {isa = PBXFileReference; lastKnownFileType = sourcecode.c.h; path = delecture.h; sourceTree = "<group>"; };
		7989FD022B347EEA00FBAB8D /* LocSimView.swift */ = {isa = PBXFileReference; lastKnownFileType = sourcecode.swift; path = LocSimView.swift; sourceTree = "<group>"; };
		7989FD042B34834F00FBAB8D /* Info.plist */ = {isa = PBXFileReference; lastKnownFileType = text.plist; path = Info.plist; sourceTree = "<group>"; };
		7989FD052B3486B100FBAB8D /* CustomMapView.swift */ = {isa = PBXFileReference; lastKnownFileType = sourcecode.swift; path = CustomMapView.swift; sourceTree = "<group>"; };
		7989FD072B34894400FBAB8D /* BookMarkSlider.swift */ = {isa = PBXFileReference; lastKnownFileType = sourcecode.swift; path = BookMarkSlider.swift; sourceTree = "<group>"; };
		7989FD092B348A0200FBAB8D /* BookMarkHelper.swift */ = {isa = PBXFileReference; lastKnownFileType = sourcecode.swift; path = BookMarkHelper.swift; sourceTree = "<group>"; };
		799488A52B347E2C00AFFDCF /* LocSimManager.swift */ = {isa = PBXFileReference; fileEncoding = 4; lastKnownFileType = sourcecode.swift; path = LocSimManager.swift; sourceTree = "<group>"; };
		799488A72B347E2F00AFFDCF /* LocSimPrivateHeaders.h */ = {isa = PBXFileReference; lastKnownFileType = sourcecode.c.h; path = LocSimPrivateHeaders.h; sourceTree = "<group>"; };
		799615432B34A1930053558E /* DaemonWelcomeView.swift */ = {isa = PBXFileReference; lastKnownFileType = sourcecode.swift; path = DaemonWelcomeView.swift; sourceTree = "<group>"; };
		79AEFBBC2B2CBC6B0074EC34 /* ProgressBar.swift */ = {isa = PBXFileReference; lastKnownFileType = sourcecode.swift; path = ProgressBar.swift; sourceTree = "<group>"; };
		79BA95892B30D91600380D83 /* RootHelperMan.swift */ = {isa = PBXFileReference; lastKnownFileType = sourcecode.swift; path = RootHelperMan.swift; sourceTree = "<group>"; };
		79D359932B2C9D91004C0FCF /* LSApplicationProxy+AltList.m */ = {isa = PBXFileReference; fileEncoding = 4; lastKnownFileType = sourcecode.c.objc; path = "LSApplicationProxy+AltList.m"; sourceTree = "<group>"; };
		79D359952B2C9DAD004C0FCF /* LSApplicationProxy+AltList.h */ = {isa = PBXFileReference; lastKnownFileType = sourcecode.c.h; path = "LSApplicationProxy+AltList.h"; sourceTree = "<group>"; };
		79DF26982B31C90C005D81D2 /* WelcomeView.swift */ = {isa = PBXFileReference; lastKnownFileType = sourcecode.swift; path = WelcomeView.swift; sourceTree = "<group>"; };
		FAA456D12B265FEA00FC7287 /* Geranium.app */ = {isa = PBXFileReference; explicitFileType = wrapper.application; includeInIndex = 0; path = Geranium.app; sourceTree = BUILT_PRODUCTS_DIR; };
		FAA456D42B265FEA00FC7287 /* GeraniumApp.swift */ = {isa = PBXFileReference; lastKnownFileType = sourcecode.swift; path = GeraniumApp.swift; sourceTree = "<group>"; };
		FAA456D62B265FEA00FC7287 /* ContentView.swift */ = {isa = PBXFileReference; lastKnownFileType = sourcecode.swift; path = ContentView.swift; sourceTree = "<group>"; };
		FAA456D82B265FEC00FC7287 /* Assets.xcassets */ = {isa = PBXFileReference; lastKnownFileType = folder.assetcatalog; path = Assets.xcassets; sourceTree = "<group>"; };
		FAA456DB2B265FEC00FC7287 /* Preview Assets.xcassets */ = {isa = PBXFileReference; lastKnownFileType = folder.assetcatalog; path = "Preview Assets.xcassets"; sourceTree = "<group>"; };
		FAA456E12B265FED00FC7287 /* GeraniumTests.xctest */ = {isa = PBXFileReference; explicitFileType = wrapper.cfbundle; includeInIndex = 0; path = GeraniumTests.xctest; sourceTree = BUILT_PRODUCTS_DIR; };
		FAA456E52B265FED00FC7287 /* GeraniumTests.swift */ = {isa = PBXFileReference; lastKnownFileType = sourcecode.swift; path = GeraniumTests.swift; sourceTree = "<group>"; };
		FAA456EB2B265FED00FC7287 /* GeraniumUITests.xctest */ = {isa = PBXFileReference; explicitFileType = wrapper.cfbundle; includeInIndex = 0; path = GeraniumUITests.xctest; sourceTree = BUILT_PRODUCTS_DIR; };
		FAA456EF2B265FED00FC7287 /* GeraniumUITests.swift */ = {isa = PBXFileReference; lastKnownFileType = sourcecode.swift; path = GeraniumUITests.swift; sourceTree = "<group>"; };
		FAA456F12B265FED00FC7287 /* GeraniumUITestsLaunchTests.swift */ = {isa = PBXFileReference; lastKnownFileType = sourcecode.swift; path = GeraniumUITestsLaunchTests.swift; sourceTree = "<group>"; };
		FAA457042B2660AC00FC7287 /* Geranium-Bringing-Header.h */ = {isa = PBXFileReference; lastKnownFileType = sourcecode.c.h; path = "Geranium-Bringing-Header.h"; sourceTree = "<group>"; };
		FAA4570F2B2661E200FC7287 /* CoreServices.h */ = {isa = PBXFileReference; fileEncoding = 4; lastKnownFileType = sourcecode.c.h; path = CoreServices.h; sourceTree = "<group>"; };
		FAA457102B2661E300FC7287 /* TSUtil.m */ = {isa = PBXFileReference; fileEncoding = 4; lastKnownFileType = sourcecode.c.objc; path = TSUtil.m; sourceTree = "<group>"; };
		FAA457112B2661E300FC7287 /* TSUtil.h */ = {isa = PBXFileReference; fileEncoding = 4; lastKnownFileType = sourcecode.c.h; path = TSUtil.h; sourceTree = "<group>"; };
		FAA457222B26654700FC7287 /* Addon.swift */ = {isa = PBXFileReference; fileEncoding = 4; lastKnownFileType = sourcecode.swift; path = Addon.swift; sourceTree = "<group>"; };
		FAA457262B26667E00FC7287 /* HomeView.swift */ = {isa = PBXFileReference; lastKnownFileType = sourcecode.swift; path = HomeView.swift; sourceTree = "<group>"; };
		FAA457282B26668900FC7287 /* DaemonView.swift */ = {isa = PBXFileReference; lastKnownFileType = sourcecode.swift; path = DaemonView.swift; sourceTree = "<group>"; };
		FAA4572F2B2666F300FC7287 /* CleanerView.swift */ = {isa = PBXFileReference; lastKnownFileType = sourcecode.swift; path = CleanerView.swift; sourceTree = "<group>"; };
		FAA457312B2667CB00FC7287 /* SuperviseView.swift */ = {isa = PBXFileReference; lastKnownFileType = sourcecode.swift; path = SuperviseView.swift; sourceTree = "<group>"; };
/* End PBXFileReference section */

/* Begin PBXFrameworksBuildPhase section */
		FAA456CE2B265FEA00FC7287 /* Frameworks */ = {
			isa = PBXFrameworksBuildPhase;
			buildActionMask = 2147483647;
			files = (
			);
			runOnlyForDeploymentPostprocessing = 0;
		};
		FAA456DE2B265FED00FC7287 /* Frameworks */ = {
			isa = PBXFrameworksBuildPhase;
			buildActionMask = 2147483647;
			files = (
			);
			runOnlyForDeploymentPostprocessing = 0;
		};
		FAA456E82B265FED00FC7287 /* Frameworks */ = {
			isa = PBXFrameworksBuildPhase;
			buildActionMask = 2147483647;
			files = (
			);
			runOnlyForDeploymentPostprocessing = 0;
		};
/* End PBXFrameworksBuildPhase section */

/* Begin PBXGroup section */
		792845732B2C92680021E1FD /* LSApp */ = {
			isa = PBXGroup;
			children = (
				792845752B2C9CAE0021E1FD /* CoreServices.h */,
				79D359932B2C9D91004C0FCF /* LSApplicationProxy+AltList.m */,
				79D359952B2C9DAD004C0FCF /* LSApplicationProxy+AltList.h */,
			);
			path = LSApp;
			sourceTree = "<group>";
		};
		795019B72B2B5016008EEC91 /* SwiftProcessViewer */ = {
			isa = PBXGroup;
			children = (
				795019B82B2B5055008EEC91 /* main.m */,
				795019BA2B2B54A6008EEC91 /* delecture.h */,
			);
			path = SwiftProcessViewer;
			sourceTree = "<group>";
		};
		7989FD0B2B348A8600FBAB8D /* BookMark */ = {
			isa = PBXGroup;
			children = (
				7989FD092B348A0200FBAB8D /* BookMarkHelper.swift */,
				7989FD072B34894400FBAB8D /* BookMarkSlider.swift */,
			);
			path = BookMark;
			sourceTree = "<group>";
		};
		799488A42B347E1100AFFDCF /* LocSim */ = {
			isa = PBXGroup;
			children = (
				799488A52B347E2C00AFFDCF /* LocSimManager.swift */,
				7989FD022B347EEA00FBAB8D /* LocSimView.swift */,
				7989FD0B2B348A8600FBAB8D /* BookMark */,
				7989FD052B3486B100FBAB8D /* CustomMapView.swift */,
				799488A72B347E2F00AFFDCF /* LocSimPrivateHeaders.h */,
			);
			path = LocSim;
			sourceTree = "<group>";
		};
		FAA456C82B265FEA00FC7287 = {
			isa = PBXGroup;
			children = (
				FAA456D32B265FEA00FC7287 /* Geranium */,
				FAA456E42B265FED00FC7287 /* GeraniumTests */,
				FAA456EE2B265FED00FC7287 /* GeraniumUITests */,
				FAA456D22B265FEA00FC7287 /* Products */,
			);
			sourceTree = "<group>";
		};
		FAA456D22B265FEA00FC7287 /* Products */ = {
			isa = PBXGroup;
			children = (
				FAA456D12B265FEA00FC7287 /* Geranium.app */,
				FAA456E12B265FED00FC7287 /* GeraniumTests.xctest */,
				FAA456EB2B265FED00FC7287 /* GeraniumUITests.xctest */,
			);
			name = Products;
			sourceTree = "<group>";
		};
		FAA456D32B265FEA00FC7287 /* Geranium */ = {
			isa = PBXGroup;
			children = (
				7989FD042B34834F00FBAB8D /* Info.plist */,
				FAA456D42B265FEA00FC7287 /* GeraniumApp.swift */,
				FAA457042B2660AC00FC7287 /* Geranium-Bringing-Header.h */,
				FAA457052B2661AD00FC7287 /* Libs */,
				FAA456D62B265FEA00FC7287 /* ContentView.swift */,
				79DF26982B31C90C005D81D2 /* WelcomeView.swift */,
				FAA457262B26667E00FC7287 /* HomeView.swift */,
				799488A42B347E1100AFFDCF /* LocSim */,
				FAA4572E2B2666E800FC7287 /* Cleaner */,
				FAA4572B2B26669B00FC7287 /* The Supviser */,
				FAA4572A2B26669100FC7287 /* DaemonMan */,
				FAA456D82B265FEC00FC7287 /* Assets.xcassets */,
				FAA456DA2B265FEC00FC7287 /* Preview Content */,
			);
			path = Geranium;
			sourceTree = "<group>";
		};
		FAA456DA2B265FEC00FC7287 /* Preview Content */ = {
			isa = PBXGroup;
			children = (
				FAA456DB2B265FEC00FC7287 /* Preview Assets.xcassets */,
			);
			path = "Preview Content";
			sourceTree = "<group>";
		};
		FAA456E42B265FED00FC7287 /* GeraniumTests */ = {
			isa = PBXGroup;
			children = (
				FAA456E52B265FED00FC7287 /* GeraniumTests.swift */,
			);
			path = GeraniumTests;
			sourceTree = "<group>";
		};
		FAA456EE2B265FED00FC7287 /* GeraniumUITests */ = {
			isa = PBXGroup;
			children = (
				FAA456EF2B265FED00FC7287 /* GeraniumUITests.swift */,
				FAA456F12B265FED00FC7287 /* GeraniumUITestsLaunchTests.swift */,
			);
			path = GeraniumUITests;
			sourceTree = "<group>";
		};
		FAA457052B2661AD00FC7287 /* Libs */ = {
			isa = PBXGroup;
			children = (
				FAA457222B26654700FC7287 /* Addon.swift */,
				79AEFBBC2B2CBC6B0074EC34 /* ProgressBar.swift */,
				79BA95892B30D91600380D83 /* RootHelperMan.swift */,
				792845732B2C92680021E1FD /* LSApp */,
				795019B72B2B5016008EEC91 /* SwiftProcessViewer */,
				FAA4570E2B2661D200FC7287 /* TrollStore */,
				791820992B31F109007EEC24 /* LogHelper.swift */,
			);
			path = Libs;
			sourceTree = "<group>";
		};
		FAA4570E2B2661D200FC7287 /* TrollStore */ = {
			isa = PBXGroup;
			children = (
				FAA4570F2B2661E200FC7287 /* CoreServices.h */,
				FAA457112B2661E300FC7287 /* TSUtil.h */,
				FAA457102B2661E300FC7287 /* TSUtil.m */,
			);
			path = TrollStore;
			sourceTree = "<group>";
		};
		FAA4572A2B26669100FC7287 /* DaemonMan */ = {
			isa = PBXGroup;
			children = (
				FAA457282B26668900FC7287 /* DaemonView.swift */,
				799615432B34A1930053558E /* DaemonWelcomeView.swift */,
				792845592B2C80A40021E1FD /* DaemonDisabler.swift */,
			);
			path = DaemonMan;
			sourceTree = "<group>";
		};
		FAA4572B2B26669B00FC7287 /* The Supviser */ = {
			isa = PBXGroup;
			children = (
				FAA457312B2667CB00FC7287 /* SuperviseView.swift */,
			);
			path = "The Supviser";
			sourceTree = "<group>";
		};
		FAA4572E2B2666E800FC7287 /* Cleaner */ = {
			isa = PBXGroup;
			children = (
				FAA4572F2B2666F300FC7287 /* CleanerView.swift */,
				792845522B2C67910021E1FD /* FileCleaner.swift */,
			);
			path = Cleaner;
			sourceTree = "<group>";
		};
/* End PBXGroup section */

/* Begin PBXNativeTarget section */
		FAA456D02B265FEA00FC7287 /* Geranium */ = {
			isa = PBXNativeTarget;
			buildConfigurationList = FAA456F52B265FED00FC7287 /* Build configuration list for PBXNativeTarget "Geranium" */;
			buildPhases = (
				FAA456CD2B265FEA00FC7287 /* Sources */,
				FAA456CE2B265FEA00FC7287 /* Frameworks */,
				FAA456CF2B265FEA00FC7287 /* Resources */,
			);
			buildRules = (
			);
			dependencies = (
			);
			name = Geranium;
			packageProductDependencies = (
			);
			productName = Geranium;
			productReference = FAA456D12B265FEA00FC7287 /* Geranium.app */;
			productType = "com.apple.product-type.application";
		};
		FAA456E02B265FED00FC7287 /* GeraniumTests */ = {
			isa = PBXNativeTarget;
			buildConfigurationList = FAA456F82B265FED00FC7287 /* Build configuration list for PBXNativeTarget "GeraniumTests" */;
			buildPhases = (
				FAA456DD2B265FED00FC7287 /* Sources */,
				FAA456DE2B265FED00FC7287 /* Frameworks */,
				FAA456DF2B265FED00FC7287 /* Resources */,
			);
			buildRules = (
			);
			dependencies = (
				FAA456E32B265FED00FC7287 /* PBXTargetDependency */,
			);
			name = GeraniumTests;
			productName = GeraniumTests;
			productReference = FAA456E12B265FED00FC7287 /* GeraniumTests.xctest */;
			productType = "com.apple.product-type.bundle.unit-test";
		};
		FAA456EA2B265FED00FC7287 /* GeraniumUITests */ = {
			isa = PBXNativeTarget;
			buildConfigurationList = FAA456FB2B265FED00FC7287 /* Build configuration list for PBXNativeTarget "GeraniumUITests" */;
			buildPhases = (
				FAA456E72B265FED00FC7287 /* Sources */,
				FAA456E82B265FED00FC7287 /* Frameworks */,
				FAA456E92B265FED00FC7287 /* Resources */,
			);
			buildRules = (
			);
			dependencies = (
				FAA456ED2B265FED00FC7287 /* PBXTargetDependency */,
			);
			name = GeraniumUITests;
			productName = GeraniumUITests;
			productReference = FAA456EB2B265FED00FC7287 /* GeraniumUITests.xctest */;
			productType = "com.apple.product-type.bundle.ui-testing";
		};
/* End PBXNativeTarget section */

/* Begin PBXProject section */
		FAA456C92B265FEA00FC7287 /* Project object */ = {
			isa = PBXProject;
			attributes = {
				BuildIndependentTargetsInParallel = 1;
				LastSwiftUpdateCheck = 1500;
				LastUpgradeCheck = 1500;
				TargetAttributes = {
					FAA456D02B265FEA00FC7287 = {
						CreatedOnToolsVersion = 15.0.1;
					};
					FAA456E02B265FED00FC7287 = {
						CreatedOnToolsVersion = 15.0.1;
						TestTargetID = FAA456D02B265FEA00FC7287;
					};
					FAA456EA2B265FED00FC7287 = {
						CreatedOnToolsVersion = 15.0.1;
						TestTargetID = FAA456D02B265FEA00FC7287;
					};
				};
			};
			buildConfigurationList = FAA456CC2B265FEA00FC7287 /* Build configuration list for PBXProject "Geranium" */;
			compatibilityVersion = "Xcode 14.0";
			developmentRegion = en;
			hasScannedForEncodings = 0;
			knownRegions = (
				en,
				Base,
			);
			mainGroup = FAA456C82B265FEA00FC7287;
			packageReferences = (
			);
			productRefGroup = FAA456D22B265FEA00FC7287 /* Products */;
			projectDirPath = "";
			projectRoot = "";
			targets = (
				FAA456D02B265FEA00FC7287 /* Geranium */,
				FAA456E02B265FED00FC7287 /* GeraniumTests */,
				FAA456EA2B265FED00FC7287 /* GeraniumUITests */,
			);
		};
/* End PBXProject section */

/* Begin PBXResourcesBuildPhase section */
		FAA456CF2B265FEA00FC7287 /* Resources */ = {
			isa = PBXResourcesBuildPhase;
			buildActionMask = 2147483647;
			files = (
				FAA456DC2B265FEC00FC7287 /* Preview Assets.xcassets in Resources */,
				FAA456D92B265FEC00FC7287 /* Assets.xcassets in Resources */,
			);
			runOnlyForDeploymentPostprocessing = 0;
		};
		FAA456DF2B265FED00FC7287 /* Resources */ = {
			isa = PBXResourcesBuildPhase;
			buildActionMask = 2147483647;
			files = (
			);
			runOnlyForDeploymentPostprocessing = 0;
		};
		FAA456E92B265FED00FC7287 /* Resources */ = {
			isa = PBXResourcesBuildPhase;
			buildActionMask = 2147483647;
			files = (
			);
			runOnlyForDeploymentPostprocessing = 0;
		};
/* End PBXResourcesBuildPhase section */

/* Begin PBXSourcesBuildPhase section */
		FAA456CD2B265FEA00FC7287 /* Sources */ = {
			isa = PBXSourcesBuildPhase;
			buildActionMask = 2147483647;
			files = (
				7989FD082B34894400FBAB8D /* BookMarkSlider.swift in Sources */,
				FAA457122B2661E300FC7287 /* TSUtil.m in Sources */,
				7989FD062B3486B100FBAB8D /* CustomMapView.swift in Sources */,
				FAA457272B26667E00FC7287 /* HomeView.swift in Sources */,
				FAA457292B26668900FC7287 /* DaemonView.swift in Sources */,
				FAA457232B26654700FC7287 /* Addon.swift in Sources */,
				79DF26992B31C90C005D81D2 /* WelcomeView.swift in Sources */,
				7989FD032B347EEA00FBAB8D /* LocSimView.swift in Sources */,
				FAA457322B2667CB00FC7287 /* SuperviseView.swift in Sources */,
				79D359942B2C9D91004C0FCF /* LSApplicationProxy+AltList.m in Sources */,
				792845532B2C67910021E1FD /* FileCleaner.swift in Sources */,
				799488A62B347E2C00AFFDCF /* LocSimManager.swift in Sources */,
				FAA456D72B265FEA00FC7287 /* ContentView.swift in Sources */,
				799615442B34A1930053558E /* DaemonWelcomeView.swift in Sources */,
				7918209A2B31F109007EEC24 /* LogHelper.swift in Sources */,
				7928455A2B2C80A40021E1FD /* DaemonDisabler.swift in Sources */,
				7989FD0A2B348A0200FBAB8D /* BookMarkHelper.swift in Sources */,
				FAA456D52B265FEA00FC7287 /* GeraniumApp.swift in Sources */,
				795019B92B2B5055008EEC91 /* main.m in Sources */,
				79AEFBBD2B2CBC6B0074EC34 /* ProgressBar.swift in Sources */,
				79BA958A2B30D91600380D83 /* RootHelperMan.swift in Sources */,
				FAA457302B2666F300FC7287 /* CleanerView.swift in Sources */,
			);
			runOnlyForDeploymentPostprocessing = 0;
		};
		FAA456DD2B265FED00FC7287 /* Sources */ = {
			isa = PBXSourcesBuildPhase;
			buildActionMask = 2147483647;
			files = (
				FAA456E62B265FED00FC7287 /* GeraniumTests.swift in Sources */,
			);
			runOnlyForDeploymentPostprocessing = 0;
		};
		FAA456E72B265FED00FC7287 /* Sources */ = {
			isa = PBXSourcesBuildPhase;
			buildActionMask = 2147483647;
			files = (
				FAA456F22B265FED00FC7287 /* GeraniumUITestsLaunchTests.swift in Sources */,
				FAA456F02B265FED00FC7287 /* GeraniumUITests.swift in Sources */,
			);
			runOnlyForDeploymentPostprocessing = 0;
		};
/* End PBXSourcesBuildPhase section */

/* Begin PBXTargetDependency section */
		FAA456E32B265FED00FC7287 /* PBXTargetDependency */ = {
			isa = PBXTargetDependency;
			target = FAA456D02B265FEA00FC7287 /* Geranium */;
			targetProxy = FAA456E22B265FED00FC7287 /* PBXContainerItemProxy */;
		};
		FAA456ED2B265FED00FC7287 /* PBXTargetDependency */ = {
			isa = PBXTargetDependency;
			target = FAA456D02B265FEA00FC7287 /* Geranium */;
			targetProxy = FAA456EC2B265FED00FC7287 /* PBXContainerItemProxy */;
		};
/* End PBXTargetDependency section */

/* Begin XCBuildConfiguration section */
		FAA456F32B265FED00FC7287 /* Debug */ = {
			isa = XCBuildConfiguration;
			buildSettings = {
				ALWAYS_SEARCH_USER_PATHS = NO;
				ASSETCATALOG_COMPILER_GENERATE_SWIFT_ASSET_SYMBOL_EXTENSIONS = YES;
				CLANG_ANALYZER_NONNULL = YES;
				CLANG_ANALYZER_NUMBER_OBJECT_CONVERSION = YES_AGGRESSIVE;
				CLANG_CXX_LANGUAGE_STANDARD = "gnu++20";
				CLANG_ENABLE_MODULES = YES;
				CLANG_ENABLE_OBJC_ARC = YES;
				CLANG_ENABLE_OBJC_WEAK = YES;
				CLANG_WARN_BLOCK_CAPTURE_AUTORELEASING = YES;
				CLANG_WARN_BOOL_CONVERSION = YES;
				CLANG_WARN_COMMA = YES;
				CLANG_WARN_CONSTANT_CONVERSION = YES;
				CLANG_WARN_DEPRECATED_OBJC_IMPLEMENTATIONS = YES;
				CLANG_WARN_DIRECT_OBJC_ISA_USAGE = YES_ERROR;
				CLANG_WARN_DOCUMENTATION_COMMENTS = YES;
				CLANG_WARN_EMPTY_BODY = YES;
				CLANG_WARN_ENUM_CONVERSION = YES;
				CLANG_WARN_INFINITE_RECURSION = YES;
				CLANG_WARN_INT_CONVERSION = YES;
				CLANG_WARN_NON_LITERAL_NULL_CONVERSION = YES;
				CLANG_WARN_OBJC_IMPLICIT_RETAIN_SELF = YES;
				CLANG_WARN_OBJC_LITERAL_CONVERSION = YES;
				CLANG_WARN_OBJC_ROOT_CLASS = YES_ERROR;
				CLANG_WARN_QUOTED_INCLUDE_IN_FRAMEWORK_HEADER = YES;
				CLANG_WARN_RANGE_LOOP_ANALYSIS = YES;
				CLANG_WARN_STRICT_PROTOTYPES = YES;
				CLANG_WARN_SUSPICIOUS_MOVE = YES;
				CLANG_WARN_UNGUARDED_AVAILABILITY = YES_AGGRESSIVE;
				CLANG_WARN_UNREACHABLE_CODE = YES;
				CLANG_WARN__DUPLICATE_METHOD_MATCH = YES;
				COPY_PHASE_STRIP = NO;
				DEBUG_INFORMATION_FORMAT = dwarf;
				ENABLE_STRICT_OBJC_MSGSEND = YES;
				ENABLE_TESTABILITY = YES;
				ENABLE_USER_SCRIPT_SANDBOXING = YES;
				GCC_C_LANGUAGE_STANDARD = gnu17;
				GCC_DYNAMIC_NO_PIC = NO;
				GCC_NO_COMMON_BLOCKS = YES;
				GCC_OPTIMIZATION_LEVEL = 0;
				GCC_PREPROCESSOR_DEFINITIONS = (
					"DEBUG=1",
					"$(inherited)",
				);
				GCC_WARN_64_TO_32_BIT_CONVERSION = YES;
				GCC_WARN_ABOUT_RETURN_TYPE = YES_ERROR;
				GCC_WARN_UNDECLARED_SELECTOR = YES;
				GCC_WARN_UNINITIALIZED_AUTOS = YES_AGGRESSIVE;
				GCC_WARN_UNUSED_FUNCTION = YES;
				GCC_WARN_UNUSED_VARIABLE = YES;
				IPHONEOS_DEPLOYMENT_TARGET = 17.0;
				LOCALIZATION_PREFERS_STRING_CATALOGS = YES;
				MTL_ENABLE_DEBUG_INFO = INCLUDE_SOURCE;
				MTL_FAST_MATH = YES;
				ONLY_ACTIVE_ARCH = YES;
				SDKROOT = iphoneos;
				SWIFT_ACTIVE_COMPILATION_CONDITIONS = "DEBUG $(inherited)";
				SWIFT_OPTIMIZATION_LEVEL = "-Onone";
			};
			name = Debug;
		};
		FAA456F42B265FED00FC7287 /* Release */ = {
			isa = XCBuildConfiguration;
			buildSettings = {
				ALWAYS_SEARCH_USER_PATHS = NO;
				ASSETCATALOG_COMPILER_GENERATE_SWIFT_ASSET_SYMBOL_EXTENSIONS = YES;
				CLANG_ANALYZER_NONNULL = YES;
				CLANG_ANALYZER_NUMBER_OBJECT_CONVERSION = YES_AGGRESSIVE;
				CLANG_CXX_LANGUAGE_STANDARD = "gnu++20";
				CLANG_ENABLE_MODULES = YES;
				CLANG_ENABLE_OBJC_ARC = YES;
				CLANG_ENABLE_OBJC_WEAK = YES;
				CLANG_WARN_BLOCK_CAPTURE_AUTORELEASING = YES;
				CLANG_WARN_BOOL_CONVERSION = YES;
				CLANG_WARN_COMMA = YES;
				CLANG_WARN_CONSTANT_CONVERSION = YES;
				CLANG_WARN_DEPRECATED_OBJC_IMPLEMENTATIONS = YES;
				CLANG_WARN_DIRECT_OBJC_ISA_USAGE = YES_ERROR;
				CLANG_WARN_DOCUMENTATION_COMMENTS = YES;
				CLANG_WARN_EMPTY_BODY = YES;
				CLANG_WARN_ENUM_CONVERSION = YES;
				CLANG_WARN_INFINITE_RECURSION = YES;
				CLANG_WARN_INT_CONVERSION = YES;
				CLANG_WARN_NON_LITERAL_NULL_CONVERSION = YES;
				CLANG_WARN_OBJC_IMPLICIT_RETAIN_SELF = YES;
				CLANG_WARN_OBJC_LITERAL_CONVERSION = YES;
				CLANG_WARN_OBJC_ROOT_CLASS = YES_ERROR;
				CLANG_WARN_QUOTED_INCLUDE_IN_FRAMEWORK_HEADER = YES;
				CLANG_WARN_RANGE_LOOP_ANALYSIS = YES;
				CLANG_WARN_STRICT_PROTOTYPES = YES;
				CLANG_WARN_SUSPICIOUS_MOVE = YES;
				CLANG_WARN_UNGUARDED_AVAILABILITY = YES_AGGRESSIVE;
				CLANG_WARN_UNREACHABLE_CODE = YES;
				CLANG_WARN__DUPLICATE_METHOD_MATCH = YES;
				COPY_PHASE_STRIP = NO;
				DEBUG_INFORMATION_FORMAT = "dwarf-with-dsym";
				ENABLE_NS_ASSERTIONS = NO;
				ENABLE_STRICT_OBJC_MSGSEND = YES;
				ENABLE_USER_SCRIPT_SANDBOXING = YES;
				GCC_C_LANGUAGE_STANDARD = gnu17;
				GCC_NO_COMMON_BLOCKS = YES;
				GCC_WARN_64_TO_32_BIT_CONVERSION = YES;
				GCC_WARN_ABOUT_RETURN_TYPE = YES_ERROR;
				GCC_WARN_UNDECLARED_SELECTOR = YES;
				GCC_WARN_UNINITIALIZED_AUTOS = YES_AGGRESSIVE;
				GCC_WARN_UNUSED_FUNCTION = YES;
				GCC_WARN_UNUSED_VARIABLE = YES;
				IPHONEOS_DEPLOYMENT_TARGET = 17.0;
				LOCALIZATION_PREFERS_STRING_CATALOGS = YES;
				MTL_ENABLE_DEBUG_INFO = NO;
				MTL_FAST_MATH = YES;
				SDKROOT = iphoneos;
				SWIFT_COMPILATION_MODE = wholemodule;
				VALIDATE_PRODUCT = YES;
			};
			name = Release;
		};
		FAA456F62B265FED00FC7287 /* Debug */ = {
			isa = XCBuildConfiguration;
			buildSettings = {
				ASSETCATALOG_COMPILER_APPICON_NAME = AppIcon;
				ASSETCATALOG_COMPILER_GLOBAL_ACCENT_COLOR_NAME = AccentColor;
				CODE_SIGN_STYLE = Automatic;
				CURRENT_PROJECT_VERSION = 1;
				DEVELOPMENT_ASSET_PATHS = "\"Geranium/Preview Content\"";
				DEVELOPMENT_TEAM = 7G89J82G2A;
				ENABLE_PREVIEWS = YES;
				GENERATE_INFOPLIST_FILE = YES;
				INFOPLIST_FILE = Geranium/Info.plist;
				INFOPLIST_KEY_LSApplicationCategoryType = "";
				INFOPLIST_KEY_NSLocationUsageDescription = "Enabling location for Geranium makes it possible for the app to display your location on the map.";
				INFOPLIST_KEY_NSLocationWhenInUseUsageDescription = "This will allow the app to display your location on the LocSim map.";
				INFOPLIST_KEY_UIApplicationSceneManifest_Generation = YES;
				INFOPLIST_KEY_UIApplicationSupportsIndirectInputEvents = YES;
				INFOPLIST_KEY_UILaunchScreen_Generation = YES;
				INFOPLIST_KEY_UIStatusBarHidden = NO;
				INFOPLIST_KEY_UISupportedInterfaceOrientations = "UIInterfaceOrientationLandscapeLeft UIInterfaceOrientationLandscapeRight UIInterfaceOrientationPortrait";
				INFOPLIST_KEY_UISupportedInterfaceOrientations_iPad = "UIInterfaceOrientationLandscapeLeft UIInterfaceOrientationLandscapeRight UIInterfaceOrientationPortrait UIInterfaceOrientationPortraitUpsideDown";
				IPHONEOS_DEPLOYMENT_TARGET = 15.0;
				LD_RUNPATH_SEARCH_PATHS = (
					"$(inherited)",
					"@executable_path/Frameworks",
				);
				MARKETING_VERSION = 1.0;
				PRODUCT_BUNDLE_IDENTIFIER = live.cclerc.geranium;
				PRODUCT_NAME = "$(TARGET_NAME)";
				SWIFT_EMIT_LOC_STRINGS = YES;
				SWIFT_OBJC_BRIDGING_HEADER = "Geranium/Geranium-Bringing-Header.h";
				SWIFT_VERSION = 5.0;
				TARGETED_DEVICE_FAMILY = "1,2";
			};
			name = Debug;
		};
		FAA456F72B265FED00FC7287 /* Release */ = {
			isa = XCBuildConfiguration;
			buildSettings = {
				ASSETCATALOG_COMPILER_APPICON_NAME = AppIcon;
				ASSETCATALOG_COMPILER_GLOBAL_ACCENT_COLOR_NAME = AccentColor;
				CODE_SIGN_STYLE = Automatic;
				CURRENT_PROJECT_VERSION = 1;
				DEVELOPMENT_ASSET_PATHS = "\"Geranium/Preview Content\"";
				DEVELOPMENT_TEAM = 7G89J82G2A;
				ENABLE_PREVIEWS = YES;
				GENERATE_INFOPLIST_FILE = YES;
				INFOPLIST_FILE = Geranium/Info.plist;
				INFOPLIST_KEY_LSApplicationCategoryType = "";
				INFOPLIST_KEY_NSLocationUsageDescription = "Enabling location for Geranium makes it possible for the app to display your location on the map.";
				INFOPLIST_KEY_NSLocationWhenInUseUsageDescription = "This will allow the app to display your location on the LocSim map.";
				INFOPLIST_KEY_UIApplicationSceneManifest_Generation = YES;
				INFOPLIST_KEY_UIApplicationSupportsIndirectInputEvents = YES;
				INFOPLIST_KEY_UILaunchScreen_Generation = YES;
				INFOPLIST_KEY_UIStatusBarHidden = NO;
				INFOPLIST_KEY_UISupportedInterfaceOrientations = "UIInterfaceOrientationLandscapeLeft UIInterfaceOrientationLandscapeRight UIInterfaceOrientationPortrait";
				INFOPLIST_KEY_UISupportedInterfaceOrientations_iPad = "UIInterfaceOrientationLandscapeLeft UIInterfaceOrientationLandscapeRight UIInterfaceOrientationPortrait UIInterfaceOrientationPortraitUpsideDown";
				IPHONEOS_DEPLOYMENT_TARGET = 15.0;
				LD_RUNPATH_SEARCH_PATHS = (
					"$(inherited)",
					"@executable_path/Frameworks",
				);
				MARKETING_VERSION = 1.0;
				PRODUCT_BUNDLE_IDENTIFIER = live.cclerc.geranium;
				PRODUCT_NAME = "$(TARGET_NAME)";
				SWIFT_EMIT_LOC_STRINGS = YES;
				SWIFT_OBJC_BRIDGING_HEADER = "Geranium/Geranium-Bringing-Header.h";
				SWIFT_VERSION = 5.0;
				TARGETED_DEVICE_FAMILY = "1,2";
			};
			name = Release;
		};
		FAA456F92B265FED00FC7287 /* Debug */ = {
			isa = XCBuildConfiguration;
			buildSettings = {
				ALWAYS_EMBED_SWIFT_STANDARD_LIBRARIES = YES;
				BUNDLE_LOADER = "$(TEST_HOST)";
				CODE_SIGN_STYLE = Automatic;
				CURRENT_PROJECT_VERSION = 1;
				DEVELOPMENT_TEAM = 7G89J82G2A;
				GENERATE_INFOPLIST_FILE = YES;
				IPHONEOS_DEPLOYMENT_TARGET = 17.0;
				MARKETING_VERSION = 1.0;
				PRODUCT_BUNDLE_IDENTIFIER = live.cclerc.GeraniumTests;
				PRODUCT_NAME = "$(TARGET_NAME)";
				SWIFT_EMIT_LOC_STRINGS = NO;
				SWIFT_VERSION = 5.0;
				TARGETED_DEVICE_FAMILY = "1,2";
				TEST_HOST = "$(BUILT_PRODUCTS_DIR)/Geranium.app/$(BUNDLE_EXECUTABLE_FOLDER_PATH)/Geranium";
			};
			name = Debug;
		};
		FAA456FA2B265FED00FC7287 /* Release */ = {
			isa = XCBuildConfiguration;
			buildSettings = {
				ALWAYS_EMBED_SWIFT_STANDARD_LIBRARIES = YES;
				BUNDLE_LOADER = "$(TEST_HOST)";
				CODE_SIGN_STYLE = Automatic;
				CURRENT_PROJECT_VERSION = 1;
				DEVELOPMENT_TEAM = 7G89J82G2A;
				GENERATE_INFOPLIST_FILE = YES;
				IPHONEOS_DEPLOYMENT_TARGET = 17.0;
				MARKETING_VERSION = 1.0;
				PRODUCT_BUNDLE_IDENTIFIER = live.cclerc.GeraniumTests;
				PRODUCT_NAME = "$(TARGET_NAME)";
				SWIFT_EMIT_LOC_STRINGS = NO;
				SWIFT_VERSION = 5.0;
				TARGETED_DEVICE_FAMILY = "1,2";
				TEST_HOST = "$(BUILT_PRODUCTS_DIR)/Geranium.app/$(BUNDLE_EXECUTABLE_FOLDER_PATH)/Geranium";
			};
			name = Release;
		};
		FAA456FC2B265FED00FC7287 /* Debug */ = {
			isa = XCBuildConfiguration;
			buildSettings = {
				ALWAYS_EMBED_SWIFT_STANDARD_LIBRARIES = YES;
				CODE_SIGN_STYLE = Automatic;
				CURRENT_PROJECT_VERSION = 1;
				DEVELOPMENT_TEAM = 7G89J82G2A;
				GENERATE_INFOPLIST_FILE = YES;
				MARKETING_VERSION = 1.0;
				PRODUCT_BUNDLE_IDENTIFIER = live.cclerc.GeraniumUITests;
				PRODUCT_NAME = "$(TARGET_NAME)";
				SWIFT_EMIT_LOC_STRINGS = NO;
				SWIFT_VERSION = 5.0;
				TARGETED_DEVICE_FAMILY = "1,2";
				TEST_TARGET_NAME = Geranium;
			};
			name = Debug;
		};
		FAA456FD2B265FED00FC7287 /* Release */ = {
			isa = XCBuildConfiguration;
			buildSettings = {
				ALWAYS_EMBED_SWIFT_STANDARD_LIBRARIES = YES;
				CODE_SIGN_STYLE = Automatic;
				CURRENT_PROJECT_VERSION = 1;
				DEVELOPMENT_TEAM = 7G89J82G2A;
				GENERATE_INFOPLIST_FILE = YES;
				MARKETING_VERSION = 1.0;
				PRODUCT_BUNDLE_IDENTIFIER = live.cclerc.GeraniumUITests;
				PRODUCT_NAME = "$(TARGET_NAME)";
				SWIFT_EMIT_LOC_STRINGS = NO;
				SWIFT_VERSION = 5.0;
				TARGETED_DEVICE_FAMILY = "1,2";
				TEST_TARGET_NAME = Geranium;
			};
			name = Release;
		};
/* End XCBuildConfiguration section */

/* Begin XCConfigurationList section */
		FAA456CC2B265FEA00FC7287 /* Build configuration list for PBXProject "Geranium" */ = {
			isa = XCConfigurationList;
			buildConfigurations = (
				FAA456F32B265FED00FC7287 /* Debug */,
				FAA456F42B265FED00FC7287 /* Release */,
			);
			defaultConfigurationIsVisible = 0;
			defaultConfigurationName = Release;
		};
		FAA456F52B265FED00FC7287 /* Build configuration list for PBXNativeTarget "Geranium" */ = {
			isa = XCConfigurationList;
			buildConfigurations = (
				FAA456F62B265FED00FC7287 /* Debug */,
				FAA456F72B265FED00FC7287 /* Release */,
			);
			defaultConfigurationIsVisible = 0;
			defaultConfigurationName = Release;
		};
		FAA456F82B265FED00FC7287 /* Build configuration list for PBXNativeTarget "GeraniumTests" */ = {
			isa = XCConfigurationList;
			buildConfigurations = (
				FAA456F92B265FED00FC7287 /* Debug */,
				FAA456FA2B265FED00FC7287 /* Release */,
			);
			defaultConfigurationIsVisible = 0;
			defaultConfigurationName = Release;
		};
		FAA456FB2B265FED00FC7287 /* Build configuration list for PBXNativeTarget "GeraniumUITests" */ = {
			isa = XCConfigurationList;
			buildConfigurations = (
				FAA456FC2B265FED00FC7287 /* Debug */,
				FAA456FD2B265FED00FC7287 /* Release */,
			);
			defaultConfigurationIsVisible = 0;
			defaultConfigurationName = Release;
		};
/* End XCConfigurationList section */
	};
	rootObject = FAA456C92B265FEA00FC7287 /* Project object */;
}
